
Microsoft Visual Studio Solution File, Format Version 12.00
# Visual Studio Version 17
VisualStudioVersion = 17.6.33829.357
MinimumVisualStudioVersion = 10.0.40219.1
Project("{9A19103F-16F7-4668-BE54-9A1E7A4F7556}") = "WebServer", "WebServer\WebServer.csproj", "{DD327FAE-C503-4FCA-9296-97D9F529CC6D}"
EndProject
Project("{FAE04EC0-301F-11D3-BF4B-00C04F79EFBC}") = "DesktopClient", "DesktopClient\DesktopClient.csproj", "{21A3C2F7-2FC1-452D-9379-806CF88F8F4C}"
	ProjectSection(ProjectDependencies) = postProject
		{3AA5BD61-4F63-4DC4-8964-6C4F68A0BA45} = {3AA5BD61-4F63-4DC4-8964-6C4F68A0BA45}
	EndProjectSection
EndProject
Project("{FAE04EC0-301F-11D3-BF4B-00C04F79EFBC}") = "PeerServerInterface", "PeerServerInterface\PeerServerInterface.csproj", "{3AA5BD61-4F63-4DC4-8964-6C4F68A0BA45}"
EndProject
Global
	GlobalSection(SolutionConfigurationPlatforms) = preSolution
		Debug|Any CPU = Debug|Any CPU
		Release|Any CPU = Release|Any CPU
	EndGlobalSection
	GlobalSection(ProjectConfigurationPlatforms) = postSolution
		{DD327FAE-C503-4FCA-9296-97D9F529CC6D}.Debug|Any CPU.ActiveCfg = Debug|Any CPU
		{DD327FAE-C503-4FCA-9296-97D9F529CC6D}.Debug|Any CPU.Build.0 = Debug|Any CPU
		{DD327FAE-C503-4FCA-9296-97D9F529CC6D}.Release|Any CPU.ActiveCfg = Release|Any CPU
		{DD327FAE-C503-4FCA-9296-97D9F529CC6D}.Release|Any CPU.Build.0 = Release|Any CPU
		{21A3C2F7-2FC1-452D-9379-806CF88F8F4C}.Debug|Any CPU.ActiveCfg = Debug|Any CPU
		{21A3C2F7-2FC1-452D-9379-806CF88F8F4C}.Debug|Any CPU.Build.0 = Debug|Any CPU
		{21A3C2F7-2FC1-452D-9379-806CF88F8F4C}.Release|Any CPU.ActiveCfg = Release|Any CPU
		{21A3C2F7-2FC1-452D-9379-806CF88F8F4C}.Release|Any CPU.Build.0 = Release|Any CPU
		{3AA5BD61-4F63-4DC4-8964-6C4F68A0BA45}.Debug|Any CPU.ActiveCfg = Debug|Any CPU
		{3AA5BD61-4F63-4DC4-8964-6C4F68A0BA45}.Debug|Any CPU.Build.0 = Debug|Any CPU
		{3AA5BD61-4F63-4DC4-8964-6C4F68A0BA45}.Release|Any CPU.ActiveCfg = Release|Any CPU
		{3AA5BD61-4F63-4DC4-8964-6C4F68A0BA45}.Release|Any CPU.Build.0 = Release|Any CPU
	EndGlobalSection
	GlobalSection(SolutionProperties) = preSolution
		HideSolutionNode = FALSE
	EndGlobalSection
	GlobalSection(ExtensibilityGlobals) = postSolution
		SolutionGuid = {546C4312-2F84-4E1F-B48B-02D5FACE5783}
	EndGlobalSection
EndGlobal
